
Microsoft Visual Studio Solution File, Format Version 12.00
# Visual Studio Version 17
VisualStudioVersion = 17.11.35327.3
MinimumVisualStudioVersion = 10.0.40219.1
Project("{FAE04EC0-301F-11D3-BF4B-00C04F79EFBC}") = "RefactorizarCod", "RefactorizarCod\RefactorizarCod.csproj", "{4EF32671-09A2-45C6-BCC5-997559B9B895}"
EndProject
Global
	GlobalSection(SolutionConfigurationPlatforms) = preSolution
		Debug|Any CPU = Debug|Any CPU
		Release|Any CPU = Release|Any CPU
	EndGlobalSection
	GlobalSection(ProjectConfigurationPlatforms) = postSolution
		{4EF32671-09A2-45C6-BCC5-997559B9B895}.Debug|Any CPU.ActiveCfg = Debug|Any CPU
		{4EF32671-09A2-45C6-BCC5-997559B9B895}.Debug|Any CPU.Build.0 = Debug|Any CPU
		{4EF32671-09A2-45C6-BCC5-997559B9B895}.Release|Any CPU.ActiveCfg = Release|Any CPU
		{4EF32671-09A2-45C6-BCC5-997559B9B895}.Release|Any CPU.Build.0 = Release|Any CPU
	EndGlobalSection
	GlobalSection(SolutionProperties) = preSolution
		HideSolutionNode = FALSE
	EndGlobalSection
	GlobalSection(ExtensibilityGlobals) = postSolution
		SolutionGuid = {0EAF0CDF-9396-4F45-BB7A-07C5C350387A}
	EndGlobalSection
EndGlobal
